
Microsoft Visual Studio Solution File, Format Version 12.00
# Visual Studio Version 17
VisualStudioVersion = 17.2.32616.157
MinimumVisualStudioVersion = 10.0.40219.1
Project("{9A19103F-16F7-4668-BE54-9A1E7A4F7556}") = "ByteBank", "ByteBank\ByteBank.csproj", "{8F892802-FB0F-47B7-8B4B-9648A964A634}"
EndProject
Project("{9A19103F-16F7-4668-BE54-9A1E7A4F7556}") = "ByteBankAdm", "ByteBankAdm\ByteBankAdm.csproj", "{77751AE6-2C6B-4A21-B184-D46F0C121074}"
EndProject
Global
	GlobalSection(SolutionConfigurationPlatforms) = preSolution
		Debug|Any CPU = Debug|Any CPU
		Release|Any CPU = Release|Any CPU
	EndGlobalSection
	GlobalSection(ProjectConfigurationPlatforms) = postSolution
		{8F892802-FB0F-47B7-8B4B-9648A964A634}.Debug|Any CPU.ActiveCfg = Debug|Any CPU
		{8F892802-FB0F-47B7-8B4B-9648A964A634}.Debug|Any CPU.Build.0 = Debug|Any CPU
		{8F892802-FB0F-47B7-8B4B-9648A964A634}.Release|Any CPU.ActiveCfg = Release|Any CPU
		{8F892802-FB0F-47B7-8B4B-9648A964A634}.Release|Any CPU.Build.0 = Release|Any CPU
		{77751AE6-2C6B-4A21-B184-D46F0C121074}.Debug|Any CPU.ActiveCfg = Debug|Any CPU
		{77751AE6-2C6B-4A21-B184-D46F0C121074}.Debug|Any CPU.Build.0 = Debug|Any CPU
		{77751AE6-2C6B-4A21-B184-D46F0C121074}.Release|Any CPU.ActiveCfg = Release|Any CPU
		{77751AE6-2C6B-4A21-B184-D46F0C121074}.Release|Any CPU.Build.0 = Release|Any CPU
	EndGlobalSection
	GlobalSection(SolutionProperties) = preSolution
		HideSolutionNode = FALSE
	EndGlobalSection
	GlobalSection(ExtensibilityGlobals) = postSolution
		SolutionGuid = {70F85293-35C8-4261-A05E-AAC295FCA213}
	EndGlobalSection
EndGlobal
